
Microsoft Visual Studio Solution File, Format Version 12.00
# Visual Studio Version 17
VisualStudioVersion = 17.3.32825.248
MinimumVisualStudioVersion = 10.0.40219.1
Project("{FAE04EC0-301F-11D3-BF4B-00C04F79EFBC}") = "PhonBook", "PhonBook\PhonBook.csproj", "{C6B3F394-91B0-4C83-9745-4BF0F05A9DAE}"
EndProject
Global
	GlobalSection(SolutionConfigurationPlatforms) = preSolution
		Debug|Any CPU = Debug|Any CPU
		Release|Any CPU = Release|Any CPU
	EndGlobalSection
	GlobalSection(ProjectConfigurationPlatforms) = postSolution
		{C6B3F394-91B0-4C83-9745-4BF0F05A9DAE}.Debug|Any CPU.ActiveCfg = Debug|Any CPU
		{C6B3F394-91B0-4C83-9745-4BF0F05A9DAE}.Debug|Any CPU.Build.0 = Debug|Any CPU
		{C6B3F394-91B0-4C83-9745-4BF0F05A9DAE}.Release|Any CPU.ActiveCfg = Release|Any CPU
		{C6B3F394-91B0-4C83-9745-4BF0F05A9DAE}.Release|Any CPU.Build.0 = Release|Any CPU
	EndGlobalSection
	GlobalSection(SolutionProperties) = preSolution
		HideSolutionNode = FALSE
	EndGlobalSection
	GlobalSection(ExtensibilityGlobals) = postSolution
		SolutionGuid = {F94446EF-EEA9-4D98-8FC4-9F21609B8AB4}
	EndGlobalSection
EndGlobal
